{
  "name": "01.app-bim-gis",
  "version": "1.0.0",
  "lockfileVersion": 3,
  "requires": true,
  "packages": {
    "": {
      "name": "01.app-bim-gis",
      "version": "1.0.0",
      "license": "ISC",
      "dependencies": {
        "web-ifc": "^0.0.52"
      }
    },
    "node_modules/web-ifc": {
      "version": "0.0.52",
      "resolved": "https://registry.npmjs.org/web-ifc/-/web-ifc-0.0.52.tgz",
      "integrity": "sha512-7VeeyF1fGz9NVt5ZWHXl1rI3yn2EpM9TWJ05k/IUvT8pe2vRB89A85rcYMGR9aYlgdiWDyj3msmVP0vxBnBUlQ=="
    }
  }
}
